{
  "name": "@jayrdeaton/scripts",
  "version": "1.0.0",
  "lockfileVersion": 3,
  "requires": true,
  "packages": {
    "": {
      "name": "@jayrdeaton/scripts",
      "version": "1.0.0",
      "license": "MIT",
      "dependencies": {
        "cosmetic": "latest",
        "termkit": "latest"
      },
      "bin": {
        "jrd": "bin/cli.mjs"
      },
      "engines": {
        "node": ">=20"
      }
    },
    "node_modules/cosmetic": {
      "version": "1.4.0",
      "resolved": "https://registry.npmjs.org/cosmetic/-/cosmetic-1.4.0.tgz",
      "integrity": "sha512-3nU2vNtmDb7X2aOeoJWrAyAZdbfAlCX/iDpIZrw3ZmsIrtwfKyKgFFbc7QzZsdL8D5oBVucX1EMmI0KpMrOjLg==",
      "license": "MIT"
    },
    "node_modules/termkit": {
      "version": "2.0.1",
      "resolved": "https://registry.npmjs.org/termkit/-/termkit-2.0.1.tgz",
      "integrity": "sha512-PFmGOfZSbBM4VuZQBmKmYZKIhCHMjCajvINizl63wPiGGHKbGdk0OUcAKP12pWNaqeEgs4+W63BfMbZZMUEh1g==",
      "license": "MIT",
      "dependencies": {
        "cosmetic": "^1.4.0"
      }
    }
  }
}
